
Microsoft Visual Studio Solution File, Format Version 12.00
# Visual Studio Version 17
VisualStudioVersion = 17.14.36511.14
MinimumVisualStudioVersion = 10.0.40219.1
Project("{FAE04EC0-301F-11D3-BF4B-00C04F79EFBC}") = "Lab_3.2", "WinFormsApp1\Lab_3.2.csproj", "{B68CFBFE-05F4-4DF3-A849-BDCD2EE0CDF6}"
EndProject
Global
	GlobalSection(SolutionConfigurationPlatforms) = preSolution
		Debug|Any CPU = Debug|Any CPU
		Release|Any CPU = Release|Any CPU
	EndGlobalSection
	GlobalSection(ProjectConfigurationPlatforms) = postSolution
		{B68CFBFE-05F4-4DF3-A849-BDCD2EE0CDF6}.Debug|Any CPU.ActiveCfg = Debug|Any CPU
		{B68CFBFE-05F4-4DF3-A849-BDCD2EE0CDF6}.Debug|Any CPU.Build.0 = Debug|Any CPU
		{B68CFBFE-05F4-4DF3-A849-BDCD2EE0CDF6}.Release|Any CPU.ActiveCfg = Release|Any CPU
		{B68CFBFE-05F4-4DF3-A849-BDCD2EE0CDF6}.Release|Any CPU.Build.0 = Release|Any CPU
	EndGlobalSection
	GlobalSection(SolutionProperties) = preSolution
		HideSolutionNode = FALSE
	EndGlobalSection
	GlobalSection(ExtensibilityGlobals) = postSolution
		SolutionGuid = {9B9E0E73-049A-4665-A75C-3C44A79596C9}
	EndGlobalSection
EndGlobal
